
Microsoft Visual Studio Solution File, Format Version 11.00
# Visual Studio 2010
Project("{FAE04EC0-301F-11D3-BF4B-00C04F79EFBC}") = "Assembly-CSharp", "Assembly-CSharp.csproj", "{a3daf09c-c3d4-a37e-ee87-287e2987d8ab}"
EndProject
Project("{FAE04EC0-301F-11D3-BF4B-00C04F79EFBC}") = "Assembly-CSharp-Editor-firstpass", "Assembly-CSharp-Editor-firstpass.csproj", "{7c7456ed-15ae-f656-99a4-6c20fdf23c21}"
EndProject
Project("{FAE04EC0-301F-11D3-BF4B-00C04F79EFBC}") = "Assembly-CSharp-firstpass", "Assembly-CSharp-firstpass.csproj", "{0715e40c-b7c9-609e-b977-7c47bccb72d1}"
EndProject
Global
	GlobalSection(SolutionConfigurationPlatforms) = preSolution
		Debug|Any CPU = Debug|Any CPU
	EndGlobalSection
	GlobalSection(ProjectConfigurationPlatforms) = postSolution
		{a3daf09c-c3d4-a37e-ee87-287e2987d8ab}.Debug|Any CPU.ActiveCfg = Debug|Any CPU
		{a3daf09c-c3d4-a37e-ee87-287e2987d8ab}.Debug|Any CPU.Build.0 = Debug|Any CPU
		{7c7456ed-15ae-f656-99a4-6c20fdf23c21}.Debug|Any CPU.ActiveCfg = Debug|Any CPU
		{7c7456ed-15ae-f656-99a4-6c20fdf23c21}.Debug|Any CPU.Build.0 = Debug|Any CPU
		{0715e40c-b7c9-609e-b977-7c47bccb72d1}.Debug|Any CPU.ActiveCfg = Debug|Any CPU
		{0715e40c-b7c9-609e-b977-7c47bccb72d1}.Debug|Any CPU.Build.0 = Debug|Any CPU
	EndGlobalSection
	GlobalSection(SolutionProperties) = preSolution
		HideSolutionNode = FALSE
	EndGlobalSection
EndGlobal
